{
  "originHash": "f87026d9230f6a4f45fe7bbbca8d2ea3be81f761326d3e3aaab6f80316758bc6",
  "pins": [
    {
      "identity": "convex-swift",
      "kind": "remoteSourceControl",
      "location": "https://github.com/get-convex/convex-swift.git",
      "state": {
        "revision": "125b71b2f8725931a5b0e8252f0799ef2adad120",
        "version": "0.8.1"
      }
    }
  ],
  "version": 3
}
